
Microsoft Visual Studio Solution File, Format Version 12.00
# Visual Studio 2012
Project("{FAE04EC0-301F-11D3-BF4B-00C04F79EFBC}") = "Minesweeper", "Minesweeper\Minesweeper.csproj", "{A95F2E12-52A3-415E-88EA-E72CFA1EEAE7}"
EndProject
Project("{FAE04EC0-301F-11D3-BF4B-00C04F79EFBC}") = "MinesweeperTest", "MinesweeperTest\MinesweeperTest.csproj", "{1D704E1A-D4F0-4140-B6DA-EA50370F8375}"
EndProject
Global
	GlobalSection(SolutionConfigurationPlatforms) = preSolution
		Debug|Any CPU = Debug|Any CPU
		Release|Any CPU = Release|Any CPU
	EndGlobalSection
	GlobalSection(ProjectConfigurationPlatforms) = postSolution
		{A95F2E12-52A3-415E-88EA-E72CFA1EEAE7}.Debug|Any CPU.ActiveCfg = Debug|Any CPU
		{A95F2E12-52A3-415E-88EA-E72CFA1EEAE7}.Debug|Any CPU.Build.0 = Debug|Any CPU
		{A95F2E12-52A3-415E-88EA-E72CFA1EEAE7}.Release|Any CPU.ActiveCfg = Release|Any CPU
		{A95F2E12-52A3-415E-88EA-E72CFA1EEAE7}.Release|Any CPU.Build.0 = Release|Any CPU
		{1D704E1A-D4F0-4140-B6DA-EA50370F8375}.Debug|Any CPU.ActiveCfg = Debug|Any CPU
		{1D704E1A-D4F0-4140-B6DA-EA50370F8375}.Debug|Any CPU.Build.0 = Debug|Any CPU
		{1D704E1A-D4F0-4140-B6DA-EA50370F8375}.Release|Any CPU.ActiveCfg = Release|Any CPU
		{1D704E1A-D4F0-4140-B6DA-EA50370F8375}.Release|Any CPU.Build.0 = Release|Any CPU
	EndGlobalSection
	GlobalSection(SolutionProperties) = preSolution
		HideSolutionNode = FALSE
	EndGlobalSection
EndGlobal
